{
  "name": "image-processing-service",
  "version": "0.1.0",
  "lockfileVersion": 3,
  "requires": true,
  "packages": {
    "": {
      "name": "image-processing-service",
      "version": "0.1.0",
      "workspaces": [
        "server",
        "client"
      ]
    },
    "client": {
      "name": "@image-processing-service/client",
      "version": "0.1.0"
    },
    "node_modules/@image-processing-service/client": {
      "resolved": "client",
      "link": true
    },
    "node_modules/@image-processing-service/server": {
      "resolved": "server",
      "link": true
    },
    "server": {
      "name": "@image-processing-service/server",
      "version": "0.1.0"
    }
  }
}
